
Microsoft Visual Studio Solution File, Format Version 12.00
# Visual Studio Version 16
VisualStudioVersion = 16.0.32126.315
MinimumVisualStudioVersion = 10.0.40219.1
Project("{FAE04EC0-301F-11D3-BF4B-00C04F79EFBC}") = "Hmiee", "Hmiee\Hmiee.csproj", "{447EAFB5-9A95-4D9E-B4C1-D15CD74FD089}"
EndProject
Global
	GlobalSection(SolutionConfigurationPlatforms) = preSolution
		Debug|Any CPU = Debug|Any CPU
		Release|Any CPU = Release|Any CPU
	EndGlobalSection
	GlobalSection(ProjectConfigurationPlatforms) = postSolution
		{447EAFB5-9A95-4D9E-B4C1-D15CD74FD089}.Debug|Any CPU.ActiveCfg = Debug|Any CPU
		{447EAFB5-9A95-4D9E-B4C1-D15CD74FD089}.Debug|Any CPU.Build.0 = Debug|Any CPU
		{447EAFB5-9A95-4D9E-B4C1-D15CD74FD089}.Release|Any CPU.ActiveCfg = Release|Any CPU
		{447EAFB5-9A95-4D9E-B4C1-D15CD74FD089}.Release|Any CPU.Build.0 = Release|Any CPU
	EndGlobalSection
	GlobalSection(SolutionProperties) = preSolution
		HideSolutionNode = FALSE
	EndGlobalSection
	GlobalSection(ExtensibilityGlobals) = postSolution
		SolutionGuid = {8F5829DB-690F-4B13-B7C1-EC04F25CC7E3}
	EndGlobalSection
EndGlobal
